
Microsoft Visual Studio Solution File, Format Version 12.00
# Visual Studio 2013
VisualStudioVersion = 12.0.31101.0
MinimumVisualStudioVersion = 10.0.40219.1
Project("{8BC9CEB8-8B4A-11D0-8D11-00A0C91BC942}") = "RPGWorld2.0", "RPGWorld2.0\RPGWorld2.0.vcxproj", "{EDEE9E30-E55C-47C0-9AA6-99C547FFE072}"
EndProject
Global
	GlobalSection(SolutionConfigurationPlatforms) = preSolution
		Debug|Win32 = Debug|Win32
		Release|Win32 = Release|Win32
	EndGlobalSection
	GlobalSection(ProjectConfigurationPlatforms) = postSolution
		{EDEE9E30-E55C-47C0-9AA6-99C547FFE072}.Debug|Win32.ActiveCfg = Debug|Win32
		{EDEE9E30-E55C-47C0-9AA6-99C547FFE072}.Debug|Win32.Build.0 = Debug|Win32
		{EDEE9E30-E55C-47C0-9AA6-99C547FFE072}.Release|Win32.ActiveCfg = Release|Win32
		{EDEE9E30-E55C-47C0-9AA6-99C547FFE072}.Release|Win32.Build.0 = Release|Win32
	EndGlobalSection
	GlobalSection(SolutionProperties) = preSolution
		HideSolutionNode = FALSE
	EndGlobalSection
EndGlobal
